
Microsoft Visual Studio Solution File, Format Version 12.00
# Visual Studio Version 17
VisualStudioVersion = 17.10.35004.147
MinimumVisualStudioVersion = 10.0.40219.1
Project("{FAE04EC0-301F-11D3-BF4B-00C04F79EFBC}") = "CSharp_TinhTienDien", "CSharp_TinhTienDien.csproj", "{3CE01924-31D8-4E50-BF80-DF79A0DD1121}"
EndProject
Global
	GlobalSection(SolutionConfigurationPlatforms) = preSolution
		Debug|Any CPU = Debug|Any CPU
		Release|Any CPU = Release|Any CPU
	EndGlobalSection
	GlobalSection(ProjectConfigurationPlatforms) = postSolution
		{3CE01924-31D8-4E50-BF80-DF79A0DD1121}.Debug|Any CPU.ActiveCfg = Debug|Any CPU
		{3CE01924-31D8-4E50-BF80-DF79A0DD1121}.Debug|Any CPU.Build.0 = Debug|Any CPU
		{3CE01924-31D8-4E50-BF80-DF79A0DD1121}.Release|Any CPU.ActiveCfg = Release|Any CPU
		{3CE01924-31D8-4E50-BF80-DF79A0DD1121}.Release|Any CPU.Build.0 = Release|Any CPU
	EndGlobalSection
	GlobalSection(SolutionProperties) = preSolution
		HideSolutionNode = FALSE
	EndGlobalSection
	GlobalSection(ExtensibilityGlobals) = postSolution
		SolutionGuid = {12C5A9E8-6C05-4893-B57E-14231AFAAEE7}
	EndGlobalSection
EndGlobal
